{
  "name": "tsintro",
  "version": "1.0.0",
  "lockfileVersion": 1,
  "requires": true,
  "dependencies": {
    "tsc": {
      "version": "2.0.3",
      "resolved": "https://registry.npmjs.org/tsc/-/tsc-2.0.3.tgz",
      "integrity": "sha512-SN+9zBUtrpUcOpaUO7GjkEHgWtf22c7FKbKCA4e858eEM7Qz86rRDpgOU2lBIDf0fLCsEg65ms899UMUIB2+Ow==",
      "dev": true
    },
    "typescript": {
      "version": "4.4.3",
      "resolved": "https://registry.npmjs.org/typescript/-/typescript-4.4.3.tgz",
      "integrity": "sha512-4xfscpisVgqqDfPaJo5vkd+Qd/ItkoagnHpufr+i2QCHBsNYp+G7UAoyFl8aPtx879u38wPV65rZ8qbGZijalA=="
    }
  }
}
